Microsoft Visual Studio Solution File, Format Version 12.00
# Visual Studio Version 17
VisualStudioVersion = 17.5.2.0
MinimumVisualStudioVersion = 10.0.40219.1
Project("{FAE04EC0-301F-11D3-BF4B-00C04F79EFBC}") = "Wasel_Palestine.PL", "Wasel_Palestine.PL.csproj", "{F4B1D24D-29B1-84E0-2F71-FA5B06BF5887}"
EndProject
Global
	GlobalSection(SolutionConfigurationPlatforms) = preSolution
		Debug|Any CPU = Debug|Any CPU
		Release|Any CPU = Release|Any CPU
	EndGlobalSection
	GlobalSection(ProjectConfigurationPlatforms) = postSolution
		{F4B1D24D-29B1-84E0-2F71-FA5B06BF5887}.Debug|Any CPU.ActiveCfg = Debug|Any CPU
		{F4B1D24D-29B1-84E0-2F71-FA5B06BF5887}.Debug|Any CPU.Build.0 = Debug|Any CPU
		{F4B1D24D-29B1-84E0-2F71-FA5B06BF5887}.Release|Any CPU.ActiveCfg = Release|Any CPU
		{F4B1D24D-29B1-84E0-2F71-FA5B06BF5887}.Release|Any CPU.Build.0 = Release|Any CPU
	EndGlobalSection
	GlobalSection(SolutionProperties) = preSolution
		HideSolutionNode = FALSE
	EndGlobalSection
	GlobalSection(ExtensibilityGlobals) = postSolution
		SolutionGuid = {8126BD0C-2E1B-46B6-A46F-26962AE3EB6E}
	EndGlobalSection
EndGlobal
